// !$*UTF8*$!
{
	archiveVersion = 1;
	classes = {
	};
	objectVersion = 56;
	objects = {

/* Begin PBXBuildFile section */
		3F1F52602BD1FA7E00E8DC2F /* LandmarkList.swift in Sources */ = {isa = PBXBuildFile; fileRef = 3F1F525F2BD1FA7E00E8DC2F /* LandmarkList.swift */; };
		3F1F52622BD1FBC500E8DC2F /* LandmarkDetail.swift in Sources */ = {isa = PBXBuildFile; fileRef = 3F1F52612BD1FBC500E8DC2F /* LandmarkDetail.swift */; };
		3F1F52642BD2055F00E8DC2F /* FavoriteButton.swift in Sources */ = {isa = PBXBuildFile; fileRef = 3F1F52632BD2055F00E8DC2F /* FavoriteButton.swift */; };
		3F202C462BDA157B0011C86C /* Profile.swift in Sources */ = {isa = PBXBuildFile; fileRef = 3F202C452BDA157B0011C86C /* Profile.swift */; };
		3F202C492BDA173A0011C86C /* ProfileHost.swift in Sources */ = {isa = PBXBuildFile; fileRef = 3F202C482BDA173A0011C86C /* ProfileHost.swift */; };
		3F202C4D2BDA17DD0011C86C /* ProfileSummary.swift in Sources */ = {isa = PBXBuildFile; fileRef = 3F202C4C2BDA17DD0011C86C /* ProfileSummary.swift */; };
		3F202C4F2BDA19BF0011C86C /* HikeBadge.swift in Sources */ = {isa = PBXBuildFile; fileRef = 3F202C4E2BDA19BF0011C86C /* HikeBadge.swift */; };
		3F202C512BDA23020011C86C /* ProfileEditor.swift in Sources */ = {isa = PBXBuildFile; fileRef = 3F202C502BDA23020011C86C /* ProfileEditor.swift */; };
		3F202C542BDA28E50011C86C /* PageViewController.swift in Sources */ = {isa = PBXBuildFile; fileRef = 3F202C532BDA28E50011C86C /* PageViewController.swift */; };
		3F202C562BDA2C2E0011C86C /* FeatureCard.swift in Sources */ = {isa = PBXBuildFile; fileRef = 3F202C552BDA2C2E0011C86C /* FeatureCard.swift */; };
		3F202C582BDA2E980011C86C /* PageView.swift in Sources */ = {isa = PBXBuildFile; fileRef = 3F202C572BDA2E980011C86C /* PageView.swift */; };
		3F84B09F2BE35BFF00F02152 /* PageControl.swift in Sources */ = {isa = PBXBuildFile; fileRef = 3F84B09E2BE35BFF00F02152 /* PageControl.swift */; };
		3F84B0A92BE3611300F02152 /* ContentView.swift in Sources */ = {isa = PBXBuildFile; fileRef = 3F84B0A82BE3611300F02152 /* ContentView.swift */; };
		3F84B0AB2BE3611400F02152 /* Assets.xcassets in Resources */ = {isa = PBXBuildFile; fileRef = 3F84B0AA2BE3611400F02152 /* Assets.xcassets */; };
		3F84B0AE2BE3611400F02152 /* Preview Assets.xcassets in Resources */ = {isa = PBXBuildFile; fileRef = 3F84B0AD2BE3611400F02152 /* Preview Assets.xcassets */; };
		3F84B0B12BE3611400F02152 /* WatchLandmarks Watch App.app in Embed Watch Content */ = {isa = PBXBuildFile; fileRef = 3F84B0A42BE3611300F02152 /* WatchLandmarks Watch App.app */; settings = {ATTRIBUTES = (RemoveHeadersOnCopy, ); }; };
		3F84B0B62BE362C500F02152 /* landmarkData.json in Resources */ = {isa = PBXBuildFile; fileRef = 3FDAB8A02BD0ECD400D527CC /* landmarkData.json */; };
		3F84B0B72BE362C500F02152 /* hikeData.json in Resources */ = {isa = PBXBuildFile; fileRef = 3FEB28572BD2165C00ED9897 /* hikeData.json */; };
		3F84B0B82BE362C500F02152 /* Assets.xcassets in Resources */ = {isa = PBXBuildFile; fileRef = 3FDAB8742BD0DA8600D527CC /* Assets.xcassets */; };
		3F84B0B92BE362C500F02152 /* Profile.swift in Sources */ = {isa = PBXBuildFile; fileRef = 3F202C452BDA157B0011C86C /* Profile.swift */; };
		3F84B0BA2BE362C500F02152 /* Hike.swift in Sources */ = {isa = PBXBuildFile; fileRef = 3FEB28592BD2169700ED9897 /* Hike.swift */; };
		3F84B0BB2BE362C500F02152 /* ModelData.swift in Sources */ = {isa = PBXBuildFile; fileRef = 3FDAB8A42BD0F01400D527CC /* ModelData.swift */; };
		3F84B0BC2BE362C500F02152 /* LandmarksApp.swift in Sources */ = {isa = PBXBuildFile; fileRef = 3FDAB8702BD0DA8500D527CC /* LandmarksApp.swift */; };
		3F84B0BD2BE362C500F02152 /* LandmarkList.swift in Sources */ = {isa = PBXBuildFile; fileRef = 3F1F525F2BD1FA7E00E8DC2F /* LandmarkList.swift */; };
		3F84B0BE2BE362C500F02152 /* LandmarkRow.swift in Sources */ = {isa = PBXBuildFile; fileRef = 3FDAB8A92BD0F38400D527CC /* LandmarkRow.swift */; };
		3F84B0BF2BE362C500F02152 /* MapView.swift in Sources */ = {isa = PBXBuildFile; fileRef = 3FDAB89C2BD0E71A00D527CC /* MapView.swift */; };
		3F84B0C02BE362C500F02152 /* Landmark.swift in Sources */ = {isa = PBXBuildFile; fileRef = 3FDAB8A22BD0ECF900D527CC /* Landmark.swift */; };
		3F84B0C12BE362C500F02152 /* CircleImage.swift in Sources */ = {isa = PBXBuildFile; fileRef = 3FDAB89A2BD0E56D00D527CC /* CircleImage.swift */; };
		3F84B0C32BE3639F00F02152 /* LandmarkDetail.swift in Sources */ = {isa = PBXBuildFile; fileRef = 3F84B0C22BE3639F00F02152 /* LandmarkDetail.swift */; };
		3F84B0C52BE3683200F02152 /* NotificationView.swift in Sources */ = {isa = PBXBuildFile; fileRef = 3F84B0C42BE3683200F02152 /* NotificationView.swift */; };
		3F84B0C72BE3696F00F02152 /* NotificationController.swift in Sources */ = {isa = PBXBuildFile; fileRef = 3F84B0C62BE3696F00F02152 /* NotificationController.swift */; };
		3F84B0D22BE3817E00F02152 /* ContentView.swift in Sources */ = {isa = PBXBuildFile; fileRef = 3F84B0D12BE3817E00F02152 /* ContentView.swift */; };
		3F84B0D42BE3817F00F02152 /* Assets.xcassets in Resources */ = {isa = PBXBuildFile; fileRef = 3F84B0D32BE3817F00F02152 /* Assets.xcassets */; };
		3F84B0D72BE3817F00F02152 /* Preview Assets.xcassets in Resources */ = {isa = PBXBuildFile; fileRef = 3F84B0D62BE3817F00F02152 /* Preview Assets.xcassets */; };
		3F84B0DC2BE3825B00F02152 /* LandmarkRow.swift in Sources */ = {isa = PBXBuildFile; fileRef = 3FDAB8A92BD0F38400D527CC /* LandmarkRow.swift */; };
		3F84B0DD2BE3825B00F02152 /* MapView.swift in Sources */ = {isa = PBXBuildFile; fileRef = 3FDAB89C2BD0E71A00D527CC /* MapView.swift */; };
		3F84B0DE2BE3825B00F02152 /* Landmark.swift in Sources */ = {isa = PBXBuildFile; fileRef = 3FDAB8A22BD0ECF900D527CC /* Landmark.swift */; };
		3F84B0DF2BE3825B00F02152 /* Profile.swift in Sources */ = {isa = PBXBuildFile; fileRef = 3F202C452BDA157B0011C86C /* Profile.swift */; };
		3F84B0E02BE3825B00F02152 /* LandmarkList.swift in Sources */ = {isa = PBXBuildFile; fileRef = 3F1F525F2BD1FA7E00E8DC2F /* LandmarkList.swift */; };
		3F84B0E12BE3825B00F02152 /* CircleImage.swift in Sources */ = {isa = PBXBuildFile; fileRef = 3FDAB89A2BD0E56D00D527CC /* CircleImage.swift */; };
		3F84B0E22BE3825B00F02152 /* ModelData.swift in Sources */ = {isa = PBXBuildFile; fileRef = 3FDAB8A42BD0F01400D527CC /* ModelData.swift */; };
		3F84B0E32BE3825B00F02152 /* FavoriteButton.swift in Sources */ = {isa = PBXBuildFile; fileRef = 3F1F52632BD2055F00E8DC2F /* FavoriteButton.swift */; };
		3F84B0E42BE3825B00F02152 /* LandmarksApp.swift in Sources */ = {isa = PBXBuildFile; fileRef = 3FDAB8702BD0DA8500D527CC /* LandmarksApp.swift */; };
		3F84B0E52BE3825B00F02152 /* Hike.swift in Sources */ = {isa = PBXBuildFile; fileRef = 3FEB28592BD2169700ED9897 /* Hike.swift */; };
		3F84B0E62BE3825B00F02152 /* Assets.xcassets in Resources */ = {isa = PBXBuildFile; fileRef = 3FDAB8742BD0DA8600D527CC /* Assets.xcassets */; };
		3F84B0E72BE3825B00F02152 /* landmarkData.json in Resources */ = {isa = PBXBuildFile; fileRef = 3FDAB8A02BD0ECD400D527CC /* landmarkData.json */; };
		3F84B0E82BE3825B00F02152 /* hikeData.json in Resources */ = {isa = PBXBuildFile; fileRef = 3FEB28572BD2165C00ED9897 /* hikeData.json */; };
		3F84B0EA2BE3843E00F02152 /* LandmarkDetail.swift in Sources */ = {isa = PBXBuildFile; fileRef = 3F84B0E92BE3843E00F02152 /* LandmarkDetail.swift */; };
		3FDAB8712BD0DA8500D527CC /* LandmarksApp.swift in Sources */ = {isa = PBXBuildFile; fileRef = 3FDAB8702BD0DA8500D527CC /* LandmarksApp.swift */; };
		3FDAB8732BD0DA8500D527CC /* ContentView.swift in Sources */ = {isa = PBXBuildFile; fileRef = 3FDAB8722BD0DA8500D527CC /* ContentView.swift */; };
		3FDAB8752BD0DA8600D527CC /* Assets.xcassets in Resources */ = {isa = PBXBuildFile; fileRef = 3FDAB8742BD0DA8600D527CC /* Assets.xcassets */; };
		3FDAB8782BD0DA8600D527CC /* Preview Assets.xcassets in Resources */ = {isa = PBXBuildFile; fileRef = 3FDAB8772BD0DA8600D527CC /* Preview Assets.xcassets */; };
		3FDAB8822BD0DA8600D527CC /* LandmarksTests.swift in Sources */ = {isa = PBXBuildFile; fileRef = 3FDAB8812BD0DA8600D527CC /* LandmarksTests.swift */; };
		3FDAB88C2BD0DA8600D527CC /* LandmarksUITests.swift in Sources */ = {isa = PBXBuildFile; fileRef = 3FDAB88B2BD0DA8600D527CC /* LandmarksUITests.swift */; };
		3FDAB88E2BD0DA8600D527CC /* LandmarksUITestsLaunchTests.swift in Sources */ = {isa = PBXBuildFile; fileRef = 3FDAB88D2BD0DA8600D527CC /* LandmarksUITestsLaunchTests.swift */; };
		3FDAB89B2BD0E56D00D527CC /* CircleImage.swift in Sources */ = {isa = PBXBuildFile; fileRef = 3FDAB89A2BD0E56D00D527CC /* CircleImage.swift */; };
		3FDAB89D2BD0E71A00D527CC /* MapView.swift in Sources */ = {isa = PBXBuildFile; fileRef = 3FDAB89C2BD0E71A00D527CC /* MapView.swift */; };
		3FDAB8A12BD0ECD400D527CC /* landmarkData.json in Resources */ = {isa = PBXBuildFile; fileRef = 3FDAB8A02BD0ECD400D527CC /* landmarkData.json */; };
		3FDAB8A32BD0ECF900D527CC /* Landmark.swift in Sources */ = {isa = PBXBuildFile; fileRef = 3FDAB8A22BD0ECF900D527CC /* Landmark.swift */; };
		3FDAB8A52BD0F01400D527CC /* ModelData.swift in Sources */ = {isa = PBXBuildFile; fileRef = 3FDAB8A42BD0F01400D527CC /* ModelData.swift */; };
		3FDAB8AA2BD0F38400D527CC /* LandmarkRow.swift in Sources */ = {isa = PBXBuildFile; fileRef = 3FDAB8A92BD0F38400D527CC /* LandmarkRow.swift */; };
		3FEB284C2BD20AA300ED9897 /* HexagonParameters.swift in Sources */ = {isa = PBXBuildFile; fileRef = 3FEB284B2BD20AA300ED9897 /* HexagonParameters.swift */; };
		3FEB284F2BD20C4B00ED9897 /* BadgeBackground.swift in Sources */ = {isa = PBXBuildFile; fileRef = 3FEB284E2BD20C4B00ED9897 /* BadgeBackground.swift */; };
		3FEB28512BD211E700ED9897 /* BadgeSymbol.swift in Sources */ = {isa = PBXBuildFile; fileRef = 3FEB28502BD211E700ED9897 /* BadgeSymbol.swift */; };
		3FEB28532BD2132A00ED9897 /* RotatedBadgeSymbol.swift in Sources */ = {isa = PBXBuildFile; fileRef = 3FEB28522BD2132A00ED9897 /* RotatedBadgeSymbol.swift */; };
		3FEB28552BD213D700ED9897 /* Badge.swift in Sources */ = {isa = PBXBuildFile; fileRef = 3FEB28542BD213D700ED9897 /* Badge.swift */; };
		3FEB28582BD2165C00ED9897 /* hikeData.json in Resources */ = {isa = PBXBuildFile; fileRef = 3FEB28572BD2165C00ED9897 /* hikeData.json */; };
		3FEB285A2BD2169700ED9897 /* Hike.swift in Sources */ = {isa = PBXBuildFile; fileRef = 3FEB28592BD2169700ED9897 /* Hike.swift */; };
		3FEB28602BD2173500ED9897 /* GraphCapsule.swift in Sources */ = {isa = PBXBuildFile; fileRef = 3FEB285B2BD2173500ED9897 /* GraphCapsule.swift */; };
		3FEB28612BD2173500ED9897 /* HikeDetail.swift in Sources */ = {isa = PBXBuildFile; fileRef = 3FEB285C2BD2173500ED9897 /* HikeDetail.swift */; };
		3FEB28622BD2173500ED9897 /* HikeGraph.swift in Sources */ = {isa = PBXBuildFile; fileRef = 3FEB285D2BD2173500ED9897 /* HikeGraph.swift */; };
		3FEB28632BD2173500ED9897 /* HikeView.swift in Sources */ = {isa = PBXBuildFile; fileRef = 3FEB285E2BD2173500ED9897 /* HikeView.swift */; };
		3FEB28662BD21C2900ED9897 /* CategoryHome.swift in Sources */ = {isa = PBXBuildFile; fileRef = 3FEB28652BD21C2900ED9897 /* CategoryHome.swift */; };
		3FEB28682BD21DF900ED9897 /* CategoryRow.swift in Sources */ = {isa = PBXBuildFile; fileRef = 3FEB28672BD21DF900ED9897 /* CategoryRow.swift */; };
		3FEB286A2BD21FAC00ED9897 /* CategoryItem.swift in Sources */ = {isa = PBXBuildFile; fileRef = 3FEB28692BD21FAC00ED9897 /* CategoryItem.swift */; };
/* End PBXBuildFile section */

/* Begin PBXContainerItemProxy section */
		3F84B0AF2BE3611400F02152 /* PBXContainerItemProxy */ = {
			isa = PBXContainerItemProxy;
			containerPortal = 3FDAB8652BD0DA8500D527CC /* Project object */;
			proxyType = 1;
			remoteGlobalIDString = 3F84B0A32BE3611300F02152;
			remoteInfo = "WatchLandmarks Watch App";
		};
		3FDAB87E2BD0DA8600D527CC /* PBXContainerItemProxy */ = {
			isa = PBXContainerItemProxy;
			containerPortal = 3FDAB8652BD0DA8500D527CC /* Project object */;
			proxyType = 1;
			remoteGlobalIDString = 3FDAB86C2BD0DA8500D527CC;
			remoteInfo = Landmarks;
		};
		3FDAB8882BD0DA8600D527CC /* PBXContainerItemProxy */ = {
			isa = PBXContainerItemProxy;
			containerPortal = 3FDAB8652BD0DA8500D527CC /* Project object */;
			proxyType = 1;
			remoteGlobalIDString = 3FDAB86C2BD0DA8500D527CC;
			remoteInfo = Landmarks;
		};
/* End PBXContainerItemProxy section */

/* Begin PBXCopyFilesBuildPhase section */
		3F84B0B52BE3611400F02152 /* Embed Watch Content */ = {
			isa = PBXCopyFilesBuildPhase;
			buildActionMask = 2147483647;
			dstPath = "$(CONTENTS_FOLDER_PATH)/Watch";
			dstSubfolderSpec = 16;
			files = (
				3F84B0B12BE3611400F02152 /* WatchLandmarks Watch App.app in Embed Watch Content */,
			);
			name = "Embed Watch Content";
			runOnlyForDeploymentPostprocessing = 0;
		};
/* End PBXCopyFilesBuildPhase section */

/* Begin PBXFileReference section */
		3F1F525F2BD1FA7E00E8DC2F /* LandmarkList.swift */ = {isa = PBXFileReference; lastKnownFileType = sourcecode.swift; path = LandmarkList.swift; sourceTree = "<group>"; };
		3F1F52612BD1FBC500E8DC2F /* LandmarkDetail.swift */ = {isa = PBXFileReference; lastKnownFileType = sourcecode.swift; path = LandmarkDetail.swift; sourceTree = "<group>"; };
		3F1F52632BD2055F00E8DC2F /* FavoriteButton.swift */ = {isa = PBXFileReference; lastKnownFileType = sourcecode.swift; path = FavoriteButton.swift; sourceTree = "<group>"; };
		3F202C452BDA157B0011C86C /* Profile.swift */ = {isa = PBXFileReference; lastKnownFileType = sourcecode.swift; path = Profile.swift; sourceTree = "<group>"; };
		3F202C482BDA173A0011C86C /* ProfileHost.swift */ = {isa = PBXFileReference; lastKnownFileType = sourcecode.swift; path = ProfileHost.swift; sourceTree = "<group>"; };
		3F202C4C2BDA17DD0011C86C /* ProfileSummary.swift */ = {isa = PBXFileReference; lastKnownFileType = sourcecode.swift; path = ProfileSummary.swift; sourceTree = "<group>"; };
		3F202C4E2BDA19BF0011C86C /* HikeBadge.swift */ = {isa = PBXFileReference; lastKnownFileType = sourcecode.swift; path = HikeBadge.swift; sourceTree = "<group>"; };
		3F202C502BDA23020011C86C /* ProfileEditor.swift */ = {isa = PBXFileReference; lastKnownFileType = sourcecode.swift; path = ProfileEditor.swift; sourceTree = "<group>"; };
		3F202C532BDA28E50011C86C /* PageViewController.swift */ = {isa = PBXFileReference; lastKnownFileType = sourcecode.swift; path = PageViewController.swift; sourceTree = "<group>"; };
		3F202C552BDA2C2E0011C86C /* FeatureCard.swift */ = {isa = PBXFileReference; lastKnownFileType = sourcecode.swift; path = FeatureCard.swift; sourceTree = "<group>"; };
		3F202C572BDA2E980011C86C /* PageView.swift */ = {isa = PBXFileReference; lastKnownFileType = sourcecode.swift; path = PageView.swift; sourceTree = "<group>"; };
		3F84B09E2BE35BFF00F02152 /* PageControl.swift */ = {isa = PBXFileReference; lastKnownFileType = sourcecode.swift; path = PageControl.swift; sourceTree = "<group>"; };
		3F84B0A42BE3611300F02152 /* WatchLandmarks Watch App.app */ = {isa = PBXFileReference; explicitFileType = wrapper.application; includeInIndex = 0; path = "WatchLandmarks Watch App.app"; sourceTree = BUILT_PRODUCTS_DIR; };
		3F84B0A82BE3611300F02152 /* ContentView.swift */ = {isa = PBXFileReference; lastKnownFileType = sourcecode.swift; path = ContentView.swift; sourceTree = "<group>"; };
		3F84B0AA2BE3611400F02152 /* Assets.xcassets */ = {isa = PBXFileReference; lastKnownFileType = folder.assetcatalog; path = Assets.xcassets; sourceTree = "<group>"; };
		3F84B0AD2BE3611400F02152 /* Preview Assets.xcassets */ = {isa = PBXFileReference; lastKnownFileType = folder.assetcatalog; path = "Preview Assets.xcassets"; sourceTree = "<group>"; };
		3F84B0C22BE3639F00F02152 /* LandmarkDetail.swift */ = {isa = PBXFileReference; lastKnownFileType = sourcecode.swift; path = LandmarkDetail.swift; sourceTree = "<group>"; };
		3F84B0C42BE3683200F02152 /* NotificationView.swift */ = {isa = PBXFileReference; lastKnownFileType = sourcecode.swift; path = NotificationView.swift; sourceTree = "<group>"; };
		3F84B0C62BE3696F00F02152 /* NotificationController.swift */ = {isa = PBXFileReference; lastKnownFileType = sourcecode.swift; path = NotificationController.swift; sourceTree = "<group>"; };
		3F84B0C82BE36B9100F02152 /* PushNotificationPayload.apns */ = {isa = PBXFileReference; lastKnownFileType = text; path = PushNotificationPayload.apns; sourceTree = "<group>"; };
		3F84B0CD2BE3817E00F02152 /* MacLandmarks.app */ = {isa = PBXFileReference; explicitFileType = wrapper.application; includeInIndex = 0; path = MacLandmarks.app; sourceTree = BUILT_PRODUCTS_DIR; };
		3F84B0D12BE3817E00F02152 /* ContentView.swift */ = {isa = PBXFileReference; lastKnownFileType = sourcecode.swift; path = ContentView.swift; sourceTree = "<group>"; };
		3F84B0D32BE3817F00F02152 /* Assets.xcassets */ = {isa = PBXFileReference; lastKnownFileType = folder.assetcatalog; path = Assets.xcassets; sourceTree = "<group>"; };
		3F84B0D62BE3817F00F02152 /* Preview Assets.xcassets */ = {isa = PBXFileReference; lastKnownFileType = folder.assetcatalog; path = "Preview Assets.xcassets"; sourceTree = "<group>"; };
		3F84B0D82BE3817F00F02152 /* MacLandmarks.entitlements */ = {isa = PBXFileReference; lastKnownFileType = text.plist.entitlements; path = MacLandmarks.entitlements; sourceTree = "<group>"; };
		3F84B0E92BE3843E00F02152 /* LandmarkDetail.swift */ = {isa = PBXFileReference; lastKnownFileType = sourcecode.swift; path = LandmarkDetail.swift; sourceTree = "<group>"; };
		3FDAB86D2BD0DA8500D527CC /* Landmarks.app */ = {isa = PBXFileReference; explicitFileType = wrapper.application; includeInIndex = 0; path = Landmarks.app; sourceTree = BUILT_PRODUCTS_DIR; };
		3FDAB8702BD0DA8500D527CC /* LandmarksApp.swift */ = {isa = PBXFileReference; lastKnownFileType = sourcecode.swift; path = LandmarksApp.swift; sourceTree = "<group>"; };
		3FDAB8722BD0DA8500D527CC /* ContentView.swift */ = {isa = PBXFileReference; lastKnownFileType = sourcecode.swift; path = ContentView.swift; sourceTree = "<group>"; };
		3FDAB8742BD0DA8600D527CC /* Assets.xcassets */ = {isa = PBXFileReference; lastKnownFileType = folder.assetcatalog; path = Assets.xcassets; sourceTree = "<group>"; };
		3FDAB8772BD0DA8600D527CC /* Preview Assets.xcassets */ = {isa = PBXFileReference; lastKnownFileType = folder.assetcatalog; path = "Preview Assets.xcassets"; sourceTree = "<group>"; };
		3FDAB87D2BD0DA8600D527CC /* LandmarksTests.xctest */ = {isa = PBXFileReference; explicitFileType = wrapper.cfbundle; includeInIndex = 0; path = LandmarksTests.xctest; sourceTree = BUILT_PRODUCTS_DIR; };
		3FDAB8812BD0DA8600D527CC /* LandmarksTests.swift */ = {isa = PBXFileReference; lastKnownFileType = sourcecode.swift; path = LandmarksTests.swift; sourceTree = "<group>"; };
		3FDAB8872BD0DA8600D527CC /* LandmarksUITests.xctest */ = {isa = PBXFileReference; explicitFileType = wrapper.cfbundle; includeInIndex = 0; path = LandmarksUITests.xctest; sourceTree = BUILT_PRODUCTS_DIR; };
		3FDAB88B2BD0DA8600D527CC /* LandmarksUITests.swift */ = {isa = PBXFileReference; lastKnownFileType = sourcecode.swift; path = LandmarksUITests.swift; sourceTree = "<group>"; };
		3FDAB88D2BD0DA8600D527CC /* LandmarksUITestsLaunchTests.swift */ = {isa = PBXFileReference; lastKnownFileType = sourcecode.swift; path = LandmarksUITestsLaunchTests.swift; sourceTree = "<group>"; };
		3FDAB89A2BD0E56D00D527CC /* CircleImage.swift */ = {isa = PBXFileReference; lastKnownFileType = sourcecode.swift; path = CircleImage.swift; sourceTree = "<group>"; };
		3FDAB89C2BD0E71A00D527CC /* MapView.swift */ = {isa = PBXFileReference; lastKnownFileType = sourcecode.swift; path = MapView.swift; sourceTree = "<group>"; };
		3FDAB8A02BD0ECD400D527CC /* landmarkData.json */ = {isa = PBXFileReference; fileEncoding = 4; lastKnownFileType = text.json; path = landmarkData.json; sourceTree = "<group>"; };
		3FDAB8A22BD0ECF900D527CC /* Landmark.swift */ = {isa = PBXFileReference; lastKnownFileType = sourcecode.swift; path = Landmark.swift; sourceTree = "<group>"; };
		3FDAB8A42BD0F01400D527CC /* ModelData.swift */ = {isa = PBXFileReference; lastKnownFileType = sourcecode.swift; path = ModelData.swift; sourceTree = "<group>"; };
		3FDAB8A92BD0F38400D527CC /* LandmarkRow.swift */ = {isa = PBXFileReference; lastKnownFileType = sourcecode.swift; path = LandmarkRow.swift; sourceTree = "<group>"; };
		3FEB284B2BD20AA300ED9897 /* HexagonParameters.swift */ = {isa = PBXFileReference; lastKnownFileType = sourcecode.swift; path = HexagonParameters.swift; sourceTree = "<group>"; };
		3FEB284E2BD20C4B00ED9897 /* BadgeBackground.swift */ = {isa = PBXFileReference; lastKnownFileType = sourcecode.swift; path = BadgeBackground.swift; sourceTree = "<group>"; };
		3FEB28502BD211E700ED9897 /* BadgeSymbol.swift */ = {isa = PBXFileReference; lastKnownFileType = sourcecode.swift; path = BadgeSymbol.swift; sourceTree = "<group>"; };
		3FEB28522BD2132A00ED9897 /* RotatedBadgeSymbol.swift */ = {isa = PBXFileReference; lastKnownFileType = sourcecode.swift; path = RotatedBadgeSymbol.swift; sourceTree = "<group>"; };
		3FEB28542BD213D700ED9897 /* Badge.swift */ = {isa = PBXFileReference; lastKnownFileType = sourcecode.swift; path = Badge.swift; sourceTree = "<group>"; };
		3FEB28572BD2165C00ED9897 /* hikeData.json */ = {isa = PBXFileReference; fileEncoding = 4; lastKnownFileType = text.json; path = hikeData.json; sourceTree = "<group>"; };
		3FEB28592BD2169700ED9897 /* Hike.swift */ = {isa = PBXFileReference; lastKnownFileType = sourcecode.swift; path = Hike.swift; sourceTree = "<group>"; };
		3FEB285B2BD2173500ED9897 /* GraphCapsule.swift */ = {isa = PBXFileReference; fileEncoding = 4; lastKnownFileType = sourcecode.swift; path = GraphCapsule.swift; sourceTree = "<group>"; };
		3FEB285C2BD2173500ED9897 /* HikeDetail.swift */ = {isa = PBXFileReference; fileEncoding = 4; lastKnownFileType = sourcecode.swift; path = HikeDetail.swift; sourceTree = "<group>"; };
		3FEB285D2BD2173500ED9897 /* HikeGraph.swift */ = {isa = PBXFileReference; fileEncoding = 4; lastKnownFileType = sourcecode.swift; path = HikeGraph.swift; sourceTree = "<group>"; };
		3FEB285E2BD2173500ED9897 /* HikeView.swift */ = {isa = PBXFileReference; fileEncoding = 4; lastKnownFileType = sourcecode.swift; path = HikeView.swift; sourceTree = "<group>"; };
		3FEB28652BD21C2900ED9897 /* CategoryHome.swift */ = {isa = PBXFileReference; lastKnownFileType = sourcecode.swift; path = CategoryHome.swift; sourceTree = "<group>"; };
		3FEB28672BD21DF900ED9897 /* CategoryRow.swift */ = {isa = PBXFileReference; lastKnownFileType = sourcecode.swift; path = CategoryRow.swift; sourceTree = "<group>"; };
		3FEB28692BD21FAC00ED9897 /* CategoryItem.swift */ = {isa = PBXFileReference; lastKnownFileType = sourcecode.swift; path = CategoryItem.swift; sourceTree = "<group>"; };
/* End PBXFileReference section */

/* Begin PBXFrameworksBuildPhase section */
		3F84B0A12BE3611300F02152 /* Frameworks */ = {
			isa = PBXFrameworksBuildPhase;
			buildActionMask = 2147483647;
			files = (
			);
			runOnlyForDeploymentPostprocessing = 0;
		};
		3F84B0CA2BE3817E00F02152 /* Frameworks */ = {
			isa = PBXFrameworksBuildPhase;
			buildActionMask = 2147483647;
			files = (
			);
			runOnlyForDeploymentPostprocessing = 0;
		};
		3FDAB86A2BD0DA8500D527CC /* Frameworks */ = {
			isa = PBXFrameworksBuildPhase;
			buildActionMask = 2147483647;
			files = (
			);
			runOnlyForDeploymentPostprocessing = 0;
		};
		3FDAB87A2BD0DA8600D527CC /* Frameworks */ = {
			isa = PBXFrameworksBuildPhase;
			buildActionMask = 2147483647;
			files = (
			);
			runOnlyForDeploymentPostprocessing = 0;
		};
		3FDAB8842BD0DA8600D527CC /* Frameworks */ = {
			isa = PBXFrameworksBuildPhase;
			buildActionMask = 2147483647;
			files = (
			);
			runOnlyForDeploymentPostprocessing = 0;
		};
/* End PBXFrameworksBuildPhase section */

/* Begin PBXGroup section */
		3F1F52652BD205CE00E8DC2F /* Landmarks */ = {
			isa = PBXGroup;
			children = (
				3F1F525F2BD1FA7E00E8DC2F /* LandmarkList.swift */,
				3FDAB8A92BD0F38400D527CC /* LandmarkRow.swift */,
				3F1F52612BD1FBC500E8DC2F /* LandmarkDetail.swift */,
			);
			path = Landmarks;
			sourceTree = "<group>";
		};
		3F1F52662BD205E600E8DC2F /* Helper */ = {
			isa = PBXGroup;
			children = (
				3FDAB89A2BD0E56D00D527CC /* CircleImage.swift */,
				3FDAB89C2BD0E71A00D527CC /* MapView.swift */,
				3F1F52632BD2055F00E8DC2F /* FavoriteButton.swift */,
				3F202C552BDA2C2E0011C86C /* FeatureCard.swift */,
			);
			path = Helper;
			sourceTree = "<group>";
		};
		3F202C472BDA16FE0011C86C /* Profiles */ = {
			isa = PBXGroup;
			children = (
				3F202C482BDA173A0011C86C /* ProfileHost.swift */,
				3F202C4C2BDA17DD0011C86C /* ProfileSummary.swift */,
				3F202C502BDA23020011C86C /* ProfileEditor.swift */,
			);
			path = Profiles;
			sourceTree = "<group>";
		};
		3F202C522BDA28C10011C86C /* PageView */ = {
			isa = PBXGroup;
			children = (
				3F202C532BDA28E50011C86C /* PageViewController.swift */,
				3F202C572BDA2E980011C86C /* PageView.swift */,
				3F84B09E2BE35BFF00F02152 /* PageControl.swift */,
			);
			path = PageView;
			sourceTree = "<group>";
		};
		3F84B0A52BE3611300F02152 /* WatchLandmarks Watch App */ = {
			isa = PBXGroup;
			children = (
				3F84B0A82BE3611300F02152 /* ContentView.swift */,
				3F84B0C22BE3639F00F02152 /* LandmarkDetail.swift */,
				3F84B0AA2BE3611400F02152 /* Assets.xcassets */,
				3F84B0AC2BE3611400F02152 /* Preview Content */,
				3F84B0C42BE3683200F02152 /* NotificationView.swift */,
				3F84B0C62BE3696F00F02152 /* NotificationController.swift */,
				3F84B0C82BE36B9100F02152 /* PushNotificationPayload.apns */,
			);
			path = "WatchLandmarks Watch App";
			sourceTree = "<group>";
		};
		3F84B0AC2BE3611400F02152 /* Preview Content */ = {
			isa = PBXGroup;
			children = (
				3F84B0AD2BE3611400F02152 /* Preview Assets.xcassets */,
			);
			path = "Preview Content";
			sourceTree = "<group>";
		};
		3F84B0CE2BE3817E00F02152 /* MacLandmarks */ = {
			isa = PBXGroup;
			children = (
				3F84B0D12BE3817E00F02152 /* ContentView.swift */,
				3F84B0D32BE3817F00F02152 /* Assets.xcassets */,
				3F84B0D82BE3817F00F02152 /* MacLandmarks.entitlements */,
				3F84B0D52BE3817F00F02152 /* Preview Content */,
				3F84B0E92BE3843E00F02152 /* LandmarkDetail.swift */,
			);
			path = MacLandmarks;
			sourceTree = "<group>";
		};
		3F84B0D52BE3817F00F02152 /* Preview Content */ = {
			isa = PBXGroup;
			children = (
				3F84B0D62BE3817F00F02152 /* Preview Assets.xcassets */,
			);
			path = "Preview Content";
			sourceTree = "<group>";
		};
		3FDAB8642BD0DA8500D527CC = {
			isa = PBXGroup;
			children = (
				3FDAB86F2BD0DA8500D527CC /* Landmarks */,
				3FDAB8802BD0DA8600D527CC /* LandmarksTests */,
				3FDAB88A2BD0DA8600D527CC /* LandmarksUITests */,
				3F84B0A52BE3611300F02152 /* WatchLandmarks Watch App */,
				3F84B0CE2BE3817E00F02152 /* MacLandmarks */,
				3FDAB86E2BD0DA8500D527CC /* Products */,
			);
			sourceTree = "<group>";
		};
		3FDAB86E2BD0DA8500D527CC /* Products */ = {
			isa = PBXGroup;
			children = (
				3FDAB86D2BD0DA8500D527CC /* Landmarks.app */,
				3FDAB87D2BD0DA8600D527CC /* LandmarksTests.xctest */,
				3FDAB8872BD0DA8600D527CC /* LandmarksUITests.xctest */,
				3F84B0A42BE3611300F02152 /* WatchLandmarks Watch App.app */,
				3F84B0CD2BE3817E00F02152 /* MacLandmarks.app */,
			);
			name = Products;
			sourceTree = "<group>";
		};
		3FDAB86F2BD0DA8500D527CC /* Landmarks */ = {
			isa = PBXGroup;
			children = (
				3FDAB8702BD0DA8500D527CC /* LandmarksApp.swift */,
				3FDAB8A82BD0F2BB00D527CC /* Model */,
				3FDAB8A72BD0F27D00D527CC /* Resources */,
				3FDAB8A62BD0F24000D527CC /* Views */,
				3FDAB8742BD0DA8600D527CC /* Assets.xcassets */,
				3FDAB8762BD0DA8600D527CC /* Preview Content */,
			);
			path = Landmarks;
			sourceTree = "<group>";
		};
		3FDAB8762BD0DA8600D527CC /* Preview Content */ = {
			isa = PBXGroup;
			children = (
				3FDAB8772BD0DA8600D527CC /* Preview Assets.xcassets */,
			);
			path = "Preview Content";
			sourceTree = "<group>";
		};
		3FDAB8802BD0DA8600D527CC /* LandmarksTests */ = {
			isa = PBXGroup;
			children = (
				3FDAB8812BD0DA8600D527CC /* LandmarksTests.swift */,
			);
			path = LandmarksTests;
			sourceTree = "<group>";
		};
		3FDAB88A2BD0DA8600D527CC /* LandmarksUITests */ = {
			isa = PBXGroup;
			children = (
				3FDAB88B2BD0DA8600D527CC /* LandmarksUITests.swift */,
				3FDAB88D2BD0DA8600D527CC /* LandmarksUITestsLaunchTests.swift */,
			);
			path = LandmarksUITests;
			sourceTree = "<group>";
		};
		3FDAB8A62BD0F24000D527CC /* Views */ = {
			isa = PBXGroup;
			children = (
				3F202C522BDA28C10011C86C /* PageView */,
				3FEB28642BD21BFB00ED9897 /* Categories */,
				3FEB285F2BD2173500ED9897 /* Hikes */,
				3FEB28562BD2159600ED9897 /* Badges */,
				3F1F52652BD205CE00E8DC2F /* Landmarks */,
				3F1F52662BD205E600E8DC2F /* Helper */,
				3FDAB8722BD0DA8500D527CC /* ContentView.swift */,
				3F202C472BDA16FE0011C86C /* Profiles */,
			);
			path = Views;
			sourceTree = "<group>";
		};
		3FDAB8A72BD0F27D00D527CC /* Resources */ = {
			isa = PBXGroup;
			children = (
				3FEB28572BD2165C00ED9897 /* hikeData.json */,
				3FDAB8A02BD0ECD400D527CC /* landmarkData.json */,
			);
			path = Resources;
			sourceTree = "<group>";
		};
		3FDAB8A82BD0F2BB00D527CC /* Model */ = {
			isa = PBXGroup;
			children = (
				3FDAB8A42BD0F01400D527CC /* ModelData.swift */,
				3FDAB8A22BD0ECF900D527CC /* Landmark.swift */,
				3FEB28592BD2169700ED9897 /* Hike.swift */,
				3F202C452BDA157B0011C86C /* Profile.swift */,
			);
			path = Model;
			sourceTree = "<group>";
		};
		3FEB28562BD2159600ED9897 /* Badges */ = {
			isa = PBXGroup;
			children = (
				3FEB284B2BD20AA300ED9897 /* HexagonParameters.swift */,
				3FEB284E2BD20C4B00ED9897 /* BadgeBackground.swift */,
				3FEB28502BD211E700ED9897 /* BadgeSymbol.swift */,
				3FEB28522BD2132A00ED9897 /* RotatedBadgeSymbol.swift */,
				3FEB28542BD213D700ED9897 /* Badge.swift */,
			);
			path = Badges;
			sourceTree = "<group>";
		};
		3FEB285F2BD2173500ED9897 /* Hikes */ = {
			isa = PBXGroup;
			children = (
				3FEB285B2BD2173500ED9897 /* GraphCapsule.swift */,
				3FEB285C2BD2173500ED9897 /* HikeDetail.swift */,
				3FEB285D2BD2173500ED9897 /* HikeGraph.swift */,
				3FEB285E2BD2173500ED9897 /* HikeView.swift */,
				3F202C4E2BDA19BF0011C86C /* HikeBadge.swift */,
			);
			path = Hikes;
			sourceTree = "<group>";
		};
		3FEB28642BD21BFB00ED9897 /* Categories */ = {
			isa = PBXGroup;
			children = (
				3FEB28652BD21C2900ED9897 /* CategoryHome.swift */,
				3FEB28672BD21DF900ED9897 /* CategoryRow.swift */,
				3FEB28692BD21FAC00ED9897 /* CategoryItem.swift */,
			);
			path = Categories;
			sourceTree = "<group>";
		};
/* End PBXGroup section */

/* Begin PBXNativeTarget section */
		3F84B0A32BE3611300F02152 /* WatchLandmarks Watch App */ = {
			isa = PBXNativeTarget;
			buildConfigurationList = 3F84B0B22BE3611400F02152 /* Build configuration list for PBXNativeTarget "WatchLandmarks Watch App" */;
			buildPhases = (
				3F84B0A02BE3611300F02152 /* Sources */,
				3F84B0A12BE3611300F02152 /* Frameworks */,
				3F84B0A22BE3611300F02152 /* Resources */,
			);
			buildRules = (
			);
			dependencies = (
			);
			name = "WatchLandmarks Watch App";
			productName = "WatchLandmarks Watch App";
			productReference = 3F84B0A42BE3611300F02152 /* WatchLandmarks Watch App.app */;
			productType = "com.apple.product-type.application";
		};
		3F84B0CC2BE3817E00F02152 /* MacLandmarks */ = {
			isa = PBXNativeTarget;
			buildConfigurationList = 3F84B0D92BE3817F00F02152 /* Build configuration list for PBXNativeTarget "MacLandmarks" */;
			buildPhases = (
				3F84B0C92BE3817E00F02152 /* Sources */,
				3F84B0CA2BE3817E00F02152 /* Frameworks */,
				3F84B0CB2BE3817E00F02152 /* Resources */,
			);
			buildRules = (
			);
			dependencies = (
			);
			name = MacLandmarks;
			productName = MacLandmarks;
			productReference = 3F84B0CD2BE3817E00F02152 /* MacLandmarks.app */;
			productType = "com.apple.product-type.application";
		};
		3FDAB86C2BD0DA8500D527CC /* Landmarks */ = {
			isa = PBXNativeTarget;
			buildConfigurationList = 3FDAB8912BD0DA8600D527CC /* Build configuration list for PBXNativeTarget "Landmarks" */;
			buildPhases = (
				3FDAB8692BD0DA8500D527CC /* Sources */,
				3FDAB86A2BD0DA8500D527CC /* Frameworks */,
				3FDAB86B2BD0DA8500D527CC /* Resources */,
				3F84B0B52BE3611400F02152 /* Embed Watch Content */,
			);
			buildRules = (
			);
			dependencies = (
				3F84B0B02BE3611400F02152 /* PBXTargetDependency */,
			);
			name = Landmarks;
			productName = Landmarks;
			productReference = 3FDAB86D2BD0DA8500D527CC /* Landmarks.app */;
			productType = "com.apple.product-type.application";
		};
		3FDAB87C2BD0DA8600D527CC /* LandmarksTests */ = {
			isa = PBXNativeTarget;
			buildConfigurationList = 3FDAB8942BD0DA8600D527CC /* Build configuration list for PBXNativeTarget "LandmarksTests" */;
			buildPhases = (
				3FDAB8792BD0DA8600D527CC /* Sources */,
				3FDAB87A2BD0DA8600D527CC /* Frameworks */,
				3FDAB87B2BD0DA8600D527CC /* Resources */,
			);
			buildRules = (
			);
			dependencies = (
				3FDAB87F2BD0DA8600D527CC /* PBXTargetDependency */,
			);
			name = LandmarksTests;
			productName = LandmarksTests;
			productReference = 3FDAB87D2BD0DA8600D527CC /* LandmarksTests.xctest */;
			productType = "com.apple.product-type.bundle.unit-test";
		};
		3FDAB8862BD0DA8600D527CC /* LandmarksUITests */ = {
			isa = PBXNativeTarget;
			buildConfigurationList = 3FDAB8972BD0DA8600D527CC /* Build configuration list for PBXNativeTarget "LandmarksUITests" */;
			buildPhases = (
				3FDAB8832BD0DA8600D527CC /* Sources */,
				3FDAB8842BD0DA8600D527CC /* Frameworks */,
				3FDAB8852BD0DA8600D527CC /* Resources */,
			);
			buildRules = (
			);
			dependencies = (
				3FDAB8892BD0DA8600D527CC /* PBXTargetDependency */,
			);
			name = LandmarksUITests;
			productName = LandmarksUITests;
			productReference = 3FDAB8872BD0DA8600D527CC /* LandmarksUITests.xctest */;
			productType = "com.apple.product-type.bundle.ui-testing";
		};
/* End PBXNativeTarget section */

/* Begin PBXProject section */
		3FDAB8652BD0DA8500D527CC /* Project object */ = {
			isa = PBXProject;
			attributes = {
				BuildIndependentTargetsInParallel = 1;
				LastSwiftUpdateCheck = 1530;
				LastUpgradeCheck = 1530;
				TargetAttributes = {
					3F84B0A32BE3611300F02152 = {
						CreatedOnToolsVersion = 15.3;
					};
					3F84B0CC2BE3817E00F02152 = {
						CreatedOnToolsVersion = 15.3;
					};
					3FDAB86C2BD0DA8500D527CC = {
						CreatedOnToolsVersion = 15.3;
					};
					3FDAB87C2BD0DA8600D527CC = {
						CreatedOnToolsVersion = 15.3;
						TestTargetID = 3FDAB86C2BD0DA8500D527CC;
					};
					3FDAB8862BD0DA8600D527CC = {
						CreatedOnToolsVersion = 15.3;
						TestTargetID = 3FDAB86C2BD0DA8500D527CC;
					};
				};
			};
			buildConfigurationList = 3FDAB8682BD0DA8500D527CC /* Build configuration list for PBXProject "Landmarks" */;
			compatibilityVersion = "Xcode 14.0";
			developmentRegion = en;
			hasScannedForEncodings = 0;
			knownRegions = (
				en,
				Base,
			);
			mainGroup = 3FDAB8642BD0DA8500D527CC;
			productRefGroup = 3FDAB86E2BD0DA8500D527CC /* Products */;
			projectDirPath = "";
			projectRoot = "";
			targets = (
				3FDAB86C2BD0DA8500D527CC /* Landmarks */,
				3FDAB87C2BD0DA8600D527CC /* LandmarksTests */,
				3FDAB8862BD0DA8600D527CC /* LandmarksUITests */,
				3F84B0A32BE3611300F02152 /* WatchLandmarks Watch App */,
				3F84B0CC2BE3817E00F02152 /* MacLandmarks */,
			);
		};
/* End PBXProject section */

/* Begin PBXResourcesBuildPhase section */
		3F84B0A22BE3611300F02152 /* Resources */ = {
			isa = PBXResourcesBuildPhase;
			buildActionMask = 2147483647;
			files = (
				3F84B0AE2BE3611400F02152 /* Preview Assets.xcassets in Resources */,
				3F84B0B62BE362C500F02152 /* landmarkData.json in Resources */,
				3F84B0B72BE362C500F02152 /* hikeData.json in Resources */,
				3F84B0B82BE362C500F02152 /* Assets.xcassets in Resources */,
				3F84B0AB2BE3611400F02152 /* Assets.xcassets in Resources */,
			);
			runOnlyForDeploymentPostprocessing = 0;
		};
		3F84B0CB2BE3817E00F02152 /* Resources */ = {
			isa = PBXResourcesBuildPhase;
			buildActionMask = 2147483647;
			files = (
				3F84B0E62BE3825B00F02152 /* Assets.xcassets in Resources */,
				3F84B0E72BE3825B00F02152 /* landmarkData.json in Resources */,
				3F84B0E82BE3825B00F02152 /* hikeData.json in Resources */,
				3F84B0D72BE3817F00F02152 /* Preview Assets.xcassets in Resources */,
				3F84B0D42BE3817F00F02152 /* Assets.xcassets in Resources */,
			);
			runOnlyForDeploymentPostprocessing = 0;
		};
		3FDAB86B2BD0DA8500D527CC /* Resources */ = {
			isa = PBXResourcesBuildPhase;
			buildActionMask = 2147483647;
			files = (
				3FEB28582BD2165C00ED9897 /* hikeData.json in Resources */,
				3FDAB8782BD0DA8600D527CC /* Preview Assets.xcassets in Resources */,
				3FDAB8752BD0DA8600D527CC /* Assets.xcassets in Resources */,
				3FDAB8A12BD0ECD400D527CC /* landmarkData.json in Resources */,
			);
			runOnlyForDeploymentPostprocessing = 0;
		};
		3FDAB87B2BD0DA8600D527CC /* Resources */ = {
			isa = PBXResourcesBuildPhase;
			buildActionMask = 2147483647;
			files = (
			);
			runOnlyForDeploymentPostprocessing = 0;
		};
		3FDAB8852BD0DA8600D527CC /* Resources */ = {
			isa = PBXResourcesBuildPhase;
			buildActionMask = 2147483647;
			files = (
			);
			runOnlyForDeploymentPostprocessing = 0;
		};
/* End PBXResourcesBuildPhase section */

/* Begin PBXSourcesBuildPhase section */
		3F84B0A02BE3611300F02152 /* Sources */ = {
			isa = PBXSourcesBuildPhase;
			buildActionMask = 2147483647;
			files = (
				3F84B0A92BE3611300F02152 /* ContentView.swift in Sources */,
				3F84B0B92BE362C500F02152 /* Profile.swift in Sources */,
				3F84B0BA2BE362C500F02152 /* Hike.swift in Sources */,
				3F84B0BB2BE362C500F02152 /* ModelData.swift in Sources */,
				3F84B0BC2BE362C500F02152 /* LandmarksApp.swift in Sources */,
				3F84B0BD2BE362C500F02152 /* LandmarkList.swift in Sources */,
				3F84B0BE2BE362C500F02152 /* LandmarkRow.swift in Sources */,
				3F84B0BF2BE362C500F02152 /* MapView.swift in Sources */,
				3F84B0C02BE362C500F02152 /* Landmark.swift in Sources */,
				3F84B0C72BE3696F00F02152 /* NotificationController.swift in Sources */,
				3F84B0C12BE362C500F02152 /* CircleImage.swift in Sources */,
				3F84B0C32BE3639F00F02152 /* LandmarkDetail.swift in Sources */,
				3F84B0C52BE3683200F02152 /* NotificationView.swift in Sources */,
			);
			runOnlyForDeploymentPostprocessing = 0;
		};
		3F84B0C92BE3817E00F02152 /* Sources */ = {
			isa = PBXSourcesBuildPhase;
			buildActionMask = 2147483647;
			files = (
				3F84B0DC2BE3825B00F02152 /* LandmarkRow.swift in Sources */,
				3F84B0DD2BE3825B00F02152 /* MapView.swift in Sources */,
				3F84B0DE2BE3825B00F02152 /* Landmark.swift in Sources */,
				3F84B0DF2BE3825B00F02152 /* Profile.swift in Sources */,
				3F84B0EA2BE3843E00F02152 /* LandmarkDetail.swift in Sources */,
				3F84B0E02BE3825B00F02152 /* LandmarkList.swift in Sources */,
				3F84B0E12BE3825B00F02152 /* CircleImage.swift in Sources */,
				3F84B0E22BE3825B00F02152 /* ModelData.swift in Sources */,
				3F84B0E32BE3825B00F02152 /* FavoriteButton.swift in Sources */,
				3F84B0E42BE3825B00F02152 /* LandmarksApp.swift in Sources */,
				3F84B0E52BE3825B00F02152 /* Hike.swift in Sources */,
				3F84B0D22BE3817E00F02152 /* ContentView.swift in Sources */,
			);
			runOnlyForDeploymentPostprocessing = 0;
		};
		3FDAB8692BD0DA8500D527CC /* Sources */ = {
			isa = PBXSourcesBuildPhase;
			buildActionMask = 2147483647;
			files = (
				3FEB28682BD21DF900ED9897 /* CategoryRow.swift in Sources */,
				3F202C462BDA157B0011C86C /* Profile.swift in Sources */,
				3FDAB8732BD0DA8500D527CC /* ContentView.swift in Sources */,
				3FEB28662BD21C2900ED9897 /* CategoryHome.swift in Sources */,
				3F202C562BDA2C2E0011C86C /* FeatureCard.swift in Sources */,
				3FEB28552BD213D700ED9897 /* Badge.swift in Sources */,
				3FDAB89D2BD0E71A00D527CC /* MapView.swift in Sources */,
				3FEB28602BD2173500ED9897 /* GraphCapsule.swift in Sources */,
				3FEB28622BD2173500ED9897 /* HikeGraph.swift in Sources */,
				3FDAB8712BD0DA8500D527CC /* LandmarksApp.swift in Sources */,
				3F84B09F2BE35BFF00F02152 /* PageControl.swift in Sources */,
				3F1F52642BD2055F00E8DC2F /* FavoriteButton.swift in Sources */,
				3FEB286A2BD21FAC00ED9897 /* CategoryItem.swift in Sources */,
				3FEB284C2BD20AA300ED9897 /* HexagonParameters.swift in Sources */,
				3F202C4D2BDA17DD0011C86C /* ProfileSummary.swift in Sources */,
				3FEB285A2BD2169700ED9897 /* Hike.swift in Sources */,
				3F202C492BDA173A0011C86C /* ProfileHost.swift in Sources */,
				3FEB28532BD2132A00ED9897 /* RotatedBadgeSymbol.swift in Sources */,
				3FEB28512BD211E700ED9897 /* BadgeSymbol.swift in Sources */,
				3F202C582BDA2E980011C86C /* PageView.swift in Sources */,
				3F1F52602BD1FA7E00E8DC2F /* LandmarkList.swift in Sources */,
				3F202C512BDA23020011C86C /* ProfileEditor.swift in Sources */,
				3FEB28612BD2173500ED9897 /* HikeDetail.swift in Sources */,
				3FEB28632BD2173500ED9897 /* HikeView.swift in Sources */,
				3F1F52622BD1FBC500E8DC2F /* LandmarkDetail.swift in Sources */,
				3F202C542BDA28E50011C86C /* PageViewController.swift in Sources */,
				3FEB284F2BD20C4B00ED9897 /* BadgeBackground.swift in Sources */,
				3F202C4F2BDA19BF0011C86C /* HikeBadge.swift in Sources */,
				3FDAB89B2BD0E56D00D527CC /* CircleImage.swift in Sources */,
				3FDAB8A32BD0ECF900D527CC /* Landmark.swift in Sources */,
				3FDAB8AA2BD0F38400D527CC /* LandmarkRow.swift in Sources */,
				3FDAB8A52BD0F01400D527CC /* ModelData.swift in Sources */,
			);
			runOnlyForDeploymentPostprocessing = 0;
		};
		3FDAB8792BD0DA8600D527CC /* Sources */ = {
			isa = PBXSourcesBuildPhase;
			buildActionMask = 2147483647;
			files = (
				3FDAB8822BD0DA8600D527CC /* LandmarksTests.swift in Sources */,
			);
			runOnlyForDeploymentPostprocessing = 0;
		};
		3FDAB8832BD0DA8600D527CC /* Sources */ = {
			isa = PBXSourcesBuildPhase;
			buildActionMask = 2147483647;
			files = (
				3FDAB88E2BD0DA8600D527CC /* LandmarksUITestsLaunchTests.swift in Sources */,
				3FDAB88C2BD0DA8600D527CC /* LandmarksUITests.swift in Sources */,
			);
			runOnlyForDeploymentPostprocessing = 0;
		};
/* End PBXSourcesBuildPhase section */

/* Begin PBXTargetDependency section */
		3F84B0B02BE3611400F02152 /* PBXTargetDependency */ = {
			isa = PBXTargetDependency;
			target = 3F84B0A32BE3611300F02152 /* WatchLandmarks Watch App */;
			targetProxy = 3F84B0AF2BE3611400F02152 /* PBXContainerItemProxy */;
		};
		3FDAB87F2BD0DA8600D527CC /* PBXTargetDependency */ = {
			isa = PBXTargetDependency;
			target = 3FDAB86C2BD0DA8500D527CC /* Landmarks */;
			targetProxy = 3FDAB87E2BD0DA8600D527CC /* PBXContainerItemProxy */;
		};
		3FDAB8892BD0DA8600D527CC /* PBXTargetDependency */ = {
			isa = PBXTargetDependency;
			target = 3FDAB86C2BD0DA8500D527CC /* Landmarks */;
			targetProxy = 3FDAB8882BD0DA8600D527CC /* PBXContainerItemProxy */;
		};
/* End PBXTargetDependency section */

/* Begin XCBuildConfiguration section */
		3F84B0B32BE3611400F02152 /* Debug */ = {
			isa = XCBuildConfiguration;
			buildSettings = {
				ASSETCATALOG_COMPILER_APPICON_NAME = AppIcon;
				ASSETCATALOG_COMPILER_GLOBAL_ACCENT_COLOR_NAME = AccentColor;
				CODE_SIGN_STYLE = Automatic;
				CURRENT_PROJECT_VERSION = 1;
				DEVELOPMENT_ASSET_PATHS = "\"WatchLandmarks Watch App/Preview Content\"";
				ENABLE_PREVIEWS = YES;
				GENERATE_INFOPLIST_FILE = YES;
				INFOPLIST_KEY_CFBundleDisplayName = WatchLandmarks;
				INFOPLIST_KEY_UISupportedInterfaceOrientations = "UIInterfaceOrientationPortrait UIInterfaceOrientationPortraitUpsideDown";
				INFOPLIST_KEY_WKCompanionAppBundleIdentifier = Willas.Landmarks;
				INFOPLIST_KEY_WKRunsIndependentlyOfCompanionApp = YES;
				LD_RUNPATH_SEARCH_PATHS = (
					"$(inherited)",
					"@executable_path/Frameworks",
				);
				MARKETING_VERSION = 1.0;
				PRODUCT_BUNDLE_IDENTIFIER = Willas.Landmarks.watchkitapp;
				PRODUCT_NAME = "$(TARGET_NAME)";
				SDKROOT = watchos;
				SKIP_INSTALL = YES;
				SWIFT_EMIT_LOC_STRINGS = YES;
				SWIFT_VERSION = 5.0;
				TARGETED_DEVICE_FAMILY = 4;
				WATCHOS_DEPLOYMENT_TARGET = 10.4;
			};
			name = Debug;
		};
		3F84B0B42BE3611400F02152 /* Release */ = {
			isa = XCBuildConfiguration;
			buildSettings = {
				ASSETCATALOG_COMPILER_APPICON_NAME = AppIcon;
				ASSETCATALOG_COMPILER_GLOBAL_ACCENT_COLOR_NAME = AccentColor;
				CODE_SIGN_STYLE = Automatic;
				CURRENT_PROJECT_VERSION = 1;
				DEVELOPMENT_ASSET_PATHS = "\"WatchLandmarks Watch App/Preview Content\"";
				ENABLE_PREVIEWS = YES;
				GENERATE_INFOPLIST_FILE = YES;
				INFOPLIST_KEY_CFBundleDisplayName = WatchLandmarks;
				INFOPLIST_KEY_UISupportedInterfaceOrientations = "UIInterfaceOrientationPortrait UIInterfaceOrientationPortraitUpsideDown";
				INFOPLIST_KEY_WKCompanionAppBundleIdentifier = Willas.Landmarks;
				INFOPLIST_KEY_WKRunsIndependentlyOfCompanionApp = YES;
				LD_RUNPATH_SEARCH_PATHS = (
					"$(inherited)",
					"@executable_path/Frameworks",
				);
				MARKETING_VERSION = 1.0;
				PRODUCT_BUNDLE_IDENTIFIER = Willas.Landmarks.watchkitapp;
				PRODUCT_NAME = "$(TARGET_NAME)";
				SDKROOT = watchos;
				SKIP_INSTALL = YES;
				SWIFT_EMIT_LOC_STRINGS = YES;
				SWIFT_VERSION = 5.0;
				TARGETED_DEVICE_FAMILY = 4;
				WATCHOS_DEPLOYMENT_TARGET = 10.4;
			};
			name = Release;
		};
		3F84B0DA2BE3817F00F02152 /* Debug */ = {
			isa = XCBuildConfiguration;
			buildSettings = {
				ASSETCATALOG_COMPILER_APPICON_NAME = AppIcon;
				ASSETCATALOG_COMPILER_GLOBAL_ACCENT_COLOR_NAME = AccentColor;
				CODE_SIGN_ENTITLEMENTS = MacLandmarks/MacLandmarks.entitlements;
				CODE_SIGN_STYLE = Automatic;
				COMBINE_HIDPI_IMAGES = YES;
				CURRENT_PROJECT_VERSION = 1;
				DEVELOPMENT_ASSET_PATHS = "\"MacLandmarks/Preview Content\"";
				ENABLE_PREVIEWS = YES;
				GENERATE_INFOPLIST_FILE = YES;
				INFOPLIST_KEY_NSHumanReadableCopyright = "";
				LD_RUNPATH_SEARCH_PATHS = (
					"$(inherited)",
					"@executable_path/../Frameworks",
				);
				MACOSX_DEPLOYMENT_TARGET = 14.4;
				MARKETING_VERSION = 1.0;
				PRODUCT_BUNDLE_IDENTIFIER = Willas.MacLandmarks;
				PRODUCT_NAME = "$(TARGET_NAME)";
				SDKROOT = macosx;
				SWIFT_EMIT_LOC_STRINGS = YES;
				SWIFT_VERSION = 5.0;
			};
			name = Debug;
		};
		3F84B0DB2BE3817F00F02152 /* Release */ = {
			isa = XCBuildConfiguration;
			buildSettings = {
				ASSETCATALOG_COMPILER_APPICON_NAME = AppIcon;
				ASSETCATALOG_COMPILER_GLOBAL_ACCENT_COLOR_NAME = AccentColor;
				CODE_SIGN_ENTITLEMENTS = MacLandmarks/MacLandmarks.entitlements;
				CODE_SIGN_STYLE = Automatic;
				COMBINE_HIDPI_IMAGES = YES;
				CURRENT_PROJECT_VERSION = 1;
				DEVELOPMENT_ASSET_PATHS = "\"MacLandmarks/Preview Content\"";
				ENABLE_PREVIEWS = YES;
				GENERATE_INFOPLIST_FILE = YES;
				INFOPLIST_KEY_NSHumanReadableCopyright = "";
				LD_RUNPATH_SEARCH_PATHS = (
					"$(inherited)",
					"@executable_path/../Frameworks",
				);
				MACOSX_DEPLOYMENT_TARGET = 14.4;
				MARKETING_VERSION = 1.0;
				PRODUCT_BUNDLE_IDENTIFIER = Willas.MacLandmarks;
				PRODUCT_NAME = "$(TARGET_NAME)";
				SDKROOT = macosx;
				SWIFT_EMIT_LOC_STRINGS = YES;
				SWIFT_VERSION = 5.0;
			};
			name = Release;
		};
		3FDAB88F2BD0DA8600D527CC /* Debug */ = {
			isa = XCBuildConfiguration;
			buildSettings = {
				ALWAYS_SEARCH_USER_PATHS = NO;
				ASSETCATALOG_COMPILER_GENERATE_SWIFT_ASSET_SYMBOL_EXTENSIONS = YES;
				CLANG_ANALYZER_NONNULL = YES;
				CLANG_ANALYZER_NUMBER_OBJECT_CONVERSION = YES_AGGRESSIVE;
				CLANG_CXX_LANGUAGE_STANDARD = "gnu++20";
				CLANG_ENABLE_MODULES = YES;
				CLANG_ENABLE_OBJC_ARC = YES;
				CLANG_ENABLE_OBJC_WEAK = YES;
				CLANG_WARN_BLOCK_CAPTURE_AUTORELEASING = YES;
				CLANG_WARN_BOOL_CONVERSION = YES;
				CLANG_WARN_COMMA = YES;
				CLANG_WARN_CONSTANT_CONVERSION = YES;
				CLANG_WARN_DEPRECATED_OBJC_IMPLEMENTATIONS = YES;
				CLANG_WARN_DIRECT_OBJC_ISA_USAGE = YES_ERROR;
				CLANG_WARN_DOCUMENTATION_COMMENTS = YES;
				CLANG_WARN_EMPTY_BODY = YES;
				CLANG_WARN_ENUM_CONVERSION = YES;
				CLANG_WARN_INFINITE_RECURSION = YES;
				CLANG_WARN_INT_CONVERSION = YES;
				CLANG_WARN_NON_LITERAL_NULL_CONVERSION = YES;
				CLANG_WARN_OBJC_IMPLICIT_RETAIN_SELF = YES;
				CLANG_WARN_OBJC_LITERAL_CONVERSION = YES;
				CLANG_WARN_OBJC_ROOT_CLASS = YES_ERROR;
				CLANG_WARN_QUOTED_INCLUDE_IN_FRAMEWORK_HEADER = YES;
				CLANG_WARN_RANGE_LOOP_ANALYSIS = YES;
				CLANG_WARN_STRICT_PROTOTYPES = YES;
				CLANG_WARN_SUSPICIOUS_MOVE = YES;
				CLANG_WARN_UNGUARDED_AVAILABILITY = YES_AGGRESSIVE;
				CLANG_WARN_UNREACHABLE_CODE = YES;
				CLANG_WARN__DUPLICATE_METHOD_MATCH = YES;
				COPY_PHASE_STRIP = NO;
				DEBUG_INFORMATION_FORMAT = dwarf;
				ENABLE_STRICT_OBJC_MSGSEND = YES;
				ENABLE_TESTABILITY = YES;
				ENABLE_USER_SCRIPT_SANDBOXING = YES;
				GCC_C_LANGUAGE_STANDARD = gnu17;
				GCC_DYNAMIC_NO_PIC = NO;
				GCC_NO_COMMON_BLOCKS = YES;
				GCC_OPTIMIZATION_LEVEL = 0;
				GCC_PREPROCESSOR_DEFINITIONS = (
					"DEBUG=1",
					"$(inherited)",
				);
				GCC_WARN_64_TO_32_BIT_CONVERSION = YES;
				GCC_WARN_ABOUT_RETURN_TYPE = YES_ERROR;
				GCC_WARN_UNDECLARED_SELECTOR = YES;
				GCC_WARN_UNINITIALIZED_AUTOS = YES_AGGRESSIVE;
				GCC_WARN_UNUSED_FUNCTION = YES;
				GCC_WARN_UNUSED_VARIABLE = YES;
				IPHONEOS_DEPLOYMENT_TARGET = 17.4;
				LOCALIZATION_PREFERS_STRING_CATALOGS = YES;
				MTL_ENABLE_DEBUG_INFO = INCLUDE_SOURCE;
				MTL_FAST_MATH = YES;
				ONLY_ACTIVE_ARCH = YES;
				SDKROOT = iphoneos;
				SWIFT_ACTIVE_COMPILATION_CONDITIONS = "DEBUG $(inherited)";
				SWIFT_OPTIMIZATION_LEVEL = "-Onone";
			};
			name = Debug;
		};
		3FDAB8902BD0DA8600D527CC /* Release */ = {
			isa = XCBuildConfiguration;
			buildSettings = {
				ALWAYS_SEARCH_USER_PATHS = NO;
				ASSETCATALOG_COMPILER_GENERATE_SWIFT_ASSET_SYMBOL_EXTENSIONS = YES;
				CLANG_ANALYZER_NONNULL = YES;
				CLANG_ANALYZER_NUMBER_OBJECT_CONVERSION = YES_AGGRESSIVE;
				CLANG_CXX_LANGUAGE_STANDARD = "gnu++20";
				CLANG_ENABLE_MODULES = YES;
				CLANG_ENABLE_OBJC_ARC = YES;
				CLANG_ENABLE_OBJC_WEAK = YES;
				CLANG_WARN_BLOCK_CAPTURE_AUTORELEASING = YES;
				CLANG_WARN_BOOL_CONVERSION = YES;
				CLANG_WARN_COMMA = YES;
				CLANG_WARN_CONSTANT_CONVERSION = YES;
				CLANG_WARN_DEPRECATED_OBJC_IMPLEMENTATIONS = YES;
				CLANG_WARN_DIRECT_OBJC_ISA_USAGE = YES_ERROR;
				CLANG_WARN_DOCUMENTATION_COMMENTS = YES;
				CLANG_WARN_EMPTY_BODY = YES;
				CLANG_WARN_ENUM_CONVERSION = YES;
				CLANG_WARN_INFINITE_RECURSION = YES;
				CLANG_WARN_INT_CONVERSION = YES;
				CLANG_WARN_NON_LITERAL_NULL_CONVERSION = YES;
				CLANG_WARN_OBJC_IMPLICIT_RETAIN_SELF = YES;
				CLANG_WARN_OBJC_LITERAL_CONVERSION = YES;
				CLANG_WARN_OBJC_ROOT_CLASS = YES_ERROR;
				CLANG_WARN_QUOTED_INCLUDE_IN_FRAMEWORK_HEADER = YES;
				CLANG_WARN_RANGE_LOOP_ANALYSIS = YES;
				CLANG_WARN_STRICT_PROTOTYPES = YES;
				CLANG_WARN_SUSPICIOUS_MOVE = YES;
				CLANG_WARN_UNGUARDED_AVAILABILITY = YES_AGGRESSIVE;
				CLANG_WARN_UNREACHABLE_CODE = YES;
				CLANG_WARN__DUPLICATE_METHOD_MATCH = YES;
				COPY_PHASE_STRIP = NO;
				DEBUG_INFORMATION_FORMAT = "dwarf-with-dsym";
				ENABLE_NS_ASSERTIONS = NO;
				ENABLE_STRICT_OBJC_MSGSEND = YES;
				ENABLE_USER_SCRIPT_SANDBOXING = YES;
				GCC_C_LANGUAGE_STANDARD = gnu17;
				GCC_NO_COMMON_BLOCKS = YES;
				GCC_WARN_64_TO_32_BIT_CONVERSION = YES;
				GCC_WARN_ABOUT_RETURN_TYPE = YES_ERROR;
				GCC_WARN_UNDECLARED_SELECTOR = YES;
				GCC_WARN_UNINITIALIZED_AUTOS = YES_AGGRESSIVE;
				GCC_WARN_UNUSED_FUNCTION = YES;
				GCC_WARN_UNUSED_VARIABLE = YES;
				IPHONEOS_DEPLOYMENT_TARGET = 17.4;
				LOCALIZATION_PREFERS_STRING_CATALOGS = YES;
				MTL_ENABLE_DEBUG_INFO = NO;
				MTL_FAST_MATH = YES;
				SDKROOT = iphoneos;
				SWIFT_COMPILATION_MODE = wholemodule;
				VALIDATE_PRODUCT = YES;
			};
			name = Release;
		};
		3FDAB8922BD0DA8600D527CC /* Debug */ = {
			isa = XCBuildConfiguration;
			buildSettings = {
				ALWAYS_EMBED_SWIFT_STANDARD_LIBRARIES = YES;
				ASSETCATALOG_COMPILER_APPICON_NAME = AppIcon;
				ASSETCATALOG_COMPILER_GLOBAL_ACCENT_COLOR_NAME = AccentColor;
				CODE_SIGN_STYLE = Automatic;
				CURRENT_PROJECT_VERSION = 1;
				DEVELOPMENT_ASSET_PATHS = "\"Landmarks/Preview Content\"";
				ENABLE_PREVIEWS = YES;
				GENERATE_INFOPLIST_FILE = YES;
				INFOPLIST_KEY_UIApplicationSceneManifest_Generation = YES;
				INFOPLIST_KEY_UIApplicationSupportsIndirectInputEvents = YES;
				INFOPLIST_KEY_UILaunchScreen_Generation = YES;
				INFOPLIST_KEY_UISupportedInterfaceOrientations_iPad = "UIInterfaceOrientationPortrait UIInterfaceOrientationPortraitUpsideDown UIInterfaceOrientationLandscapeLeft UIInterfaceOrientationLandscapeRight";
				INFOPLIST_KEY_UISupportedInterfaceOrientations_iPhone = "UIInterfaceOrientationPortrait UIInterfaceOrientationLandscapeLeft UIInterfaceOrientationLandscapeRight";
				LD_RUNPATH_SEARCH_PATHS = (
					"$(inherited)",
					"@executable_path/Frameworks",
				);
				MARKETING_VERSION = 1.0;
				PRODUCT_BUNDLE_IDENTIFIER = Willas.Landmarks;
				PRODUCT_NAME = "$(TARGET_NAME)";
				SWIFT_EMIT_LOC_STRINGS = YES;
				SWIFT_VERSION = 5.0;
				TARGETED_DEVICE_FAMILY = "1,2";
			};
			name = Debug;
		};
		3FDAB8932BD0DA8600D527CC /* Release */ = {
			isa = XCBuildConfiguration;
			buildSettings = {
				ALWAYS_EMBED_SWIFT_STANDARD_LIBRARIES = YES;
				ASSETCATALOG_COMPILER_APPICON_NAME = AppIcon;
				ASSETCATALOG_COMPILER_GLOBAL_ACCENT_COLOR_NAME = AccentColor;
				CODE_SIGN_STYLE = Automatic;
				CURRENT_PROJECT_VERSION = 1;
				DEVELOPMENT_ASSET_PATHS = "\"Landmarks/Preview Content\"";
				ENABLE_PREVIEWS = YES;
				GENERATE_INFOPLIST_FILE = YES;
				INFOPLIST_KEY_UIApplicationSceneManifest_Generation = YES;
				INFOPLIST_KEY_UIApplicationSupportsIndirectInputEvents = YES;
				INFOPLIST_KEY_UILaunchScreen_Generation = YES;
				INFOPLIST_KEY_UISupportedInterfaceOrientations_iPad = "UIInterfaceOrientationPortrait UIInterfaceOrientationPortraitUpsideDown UIInterfaceOrientationLandscapeLeft UIInterfaceOrientationLandscapeRight";
				INFOPLIST_KEY_UISupportedInterfaceOrientations_iPhone = "UIInterfaceOrientationPortrait UIInterfaceOrientationLandscapeLeft UIInterfaceOrientationLandscapeRight";
				LD_RUNPATH_SEARCH_PATHS = (
					"$(inherited)",
					"@executable_path/Frameworks",
				);
				MARKETING_VERSION = 1.0;
				PRODUCT_BUNDLE_IDENTIFIER = Willas.Landmarks;
				PRODUCT_NAME = "$(TARGET_NAME)";
				SWIFT_EMIT_LOC_STRINGS = YES;
				SWIFT_VERSION = 5.0;
				TARGETED_DEVICE_FAMILY = "1,2";
			};
			name = Release;
		};
		3FDAB8952BD0DA8600D527CC /* Debug */ = {
			isa = XCBuildConfiguration;
			buildSettings = {
				ALWAYS_EMBED_SWIFT_STANDARD_LIBRARIES = YES;
				BUNDLE_LOADER = "$(TEST_HOST)";
				CODE_SIGN_STYLE = Automatic;
				CURRENT_PROJECT_VERSION = 1;
				GENERATE_INFOPLIST_FILE = YES;
				IPHONEOS_DEPLOYMENT_TARGET = 17.4;
				MARKETING_VERSION = 1.0;
				PRODUCT_BUNDLE_IDENTIFIER = Willas.LandmarksTests;
				PRODUCT_NAME = "$(TARGET_NAME)";
				SWIFT_EMIT_LOC_STRINGS = NO;
				SWIFT_VERSION = 5.0;
				TARGETED_DEVICE_FAMILY = "1,2";
				TEST_HOST = "$(BUILT_PRODUCTS_DIR)/Landmarks.app/$(BUNDLE_EXECUTABLE_FOLDER_PATH)/Landmarks";
			};
			name = Debug;
		};
		3FDAB8962BD0DA8600D527CC /* Release */ = {
			isa = XCBuildConfiguration;
			buildSettings = {
				ALWAYS_EMBED_SWIFT_STANDARD_LIBRARIES = YES;
				BUNDLE_LOADER = "$(TEST_HOST)";
				CODE_SIGN_STYLE = Automatic;
				CURRENT_PROJECT_VERSION = 1;
				GENERATE_INFOPLIST_FILE = YES;
				IPHONEOS_DEPLOYMENT_TARGET = 17.4;
				MARKETING_VERSION = 1.0;
				PRODUCT_BUNDLE_IDENTIFIER = Willas.LandmarksTests;
				PRODUCT_NAME = "$(TARGET_NAME)";
				SWIFT_EMIT_LOC_STRINGS = NO;
				SWIFT_VERSION = 5.0;
				TARGETED_DEVICE_FAMILY = "1,2";
				TEST_HOST = "$(BUILT_PRODUCTS_DIR)/Landmarks.app/$(BUNDLE_EXECUTABLE_FOLDER_PATH)/Landmarks";
			};
			name = Release;
		};
		3FDAB8982BD0DA8600D527CC /* Debug */ = {
			isa = XCBuildConfiguration;
			buildSettings = {
				ALWAYS_EMBED_SWIFT_STANDARD_LIBRARIES = YES;
				CODE_SIGN_STYLE = Automatic;
				CURRENT_PROJECT_VERSION = 1;
				GENERATE_INFOPLIST_FILE = YES;
				MARKETING_VERSION = 1.0;
				PRODUCT_BUNDLE_IDENTIFIER = Willas.LandmarksUITests;
				PRODUCT_NAME = "$(TARGET_NAME)";
				SWIFT_EMIT_LOC_STRINGS = NO;
				SWIFT_VERSION = 5.0;
				TARGETED_DEVICE_FAMILY = "1,2";
				TEST_TARGET_NAME = Landmarks;
			};
			name = Debug;
		};
		3FDAB8992BD0DA8600D527CC /* Release */ = {
			isa = XCBuildConfiguration;
			buildSettings = {
				ALWAYS_EMBED_SWIFT_STANDARD_LIBRARIES = YES;
				CODE_SIGN_STYLE = Automatic;
				CURRENT_PROJECT_VERSION = 1;
				GENERATE_INFOPLIST_FILE = YES;
				MARKETING_VERSION = 1.0;
				PRODUCT_BUNDLE_IDENTIFIER = Willas.LandmarksUITests;
				PRODUCT_NAME = "$(TARGET_NAME)";
				SWIFT_EMIT_LOC_STRINGS = NO;
				SWIFT_VERSION = 5.0;
				TARGETED_DEVICE_FAMILY = "1,2";
				TEST_TARGET_NAME = Landmarks;
			};
			name = Release;
		};
/* End XCBuildConfiguration section */

/* Begin XCConfigurationList section */
		3F84B0B22BE3611400F02152 /* Build configuration list for PBXNativeTarget "WatchLandmarks Watch App" */ = {
			isa = XCConfigurationList;
			buildConfigurations = (
				3F84B0B32BE3611400F02152 /* Debug */,
				3F84B0B42BE3611400F02152 /* Release */,
			);
			defaultConfigurationIsVisible = 0;
			defaultConfigurationName = Release;
		};
		3F84B0D92BE3817F00F02152 /* Build configuration list for PBXNativeTarget "MacLandmarks" */ = {
			isa = XCConfigurationList;
			buildConfigurations = (
				3F84B0DA2BE3817F00F02152 /* Debug */,
				3F84B0DB2BE3817F00F02152 /* Release */,
			);
			defaultConfigurationIsVisible = 0;
			defaultConfigurationName = Release;
		};
		3FDAB8682BD0DA8500D527CC /* Build configuration list for PBXProject "Landmarks" */ = {
			isa = XCConfigurationList;
			buildConfigurations = (
				3FDAB88F2BD0DA8600D527CC /* Debug */,
				3FDAB8902BD0DA8600D527CC /* Release */,
			);
			defaultConfigurationIsVisible = 0;
			defaultConfigurationName = Release;
		};
		3FDAB8912BD0DA8600D527CC /* Build configuration list for PBXNativeTarget "Landmarks" */ = {
			isa = XCConfigurationList;
			buildConfigurations = (
				3FDAB8922BD0DA8600D527CC /* Debug */,
				3FDAB8932BD0DA8600D527CC /* Release */,
			);
			defaultConfigurationIsVisible = 0;
			defaultConfigurationName = Release;
		};
		3FDAB8942BD0DA8600D527CC /* Build configuration list for PBXNativeTarget "LandmarksTests" */ = {
			isa = XCConfigurationList;
			buildConfigurations = (
				3FDAB8952BD0DA8600D527CC /* Debug */,
				3FDAB8962BD0DA8600D527CC /* Release */,
			);
			defaultConfigurationIsVisible = 0;
			defaultConfigurationName = Release;
		};
		3FDAB8972BD0DA8600D527CC /* Build configuration list for PBXNativeTarget "LandmarksUITests" */ = {
			isa = XCConfigurationList;
			buildConfigurations = (
				3FDAB8982BD0DA8600D527CC /* Debug */,
				3FDAB8992BD0DA8600D527CC /* Release */,
			);
			defaultConfigurationIsVisible = 0;
			defaultConfigurationName = Release;
		};
/* End XCConfigurationList section */
	};
	rootObject = 3FDAB8652BD0DA8500D527CC /* Project object */;
}
